
Microsoft Visual Studio Solution File, Format Version 12.00
# Visual Studio Version 17
VisualStudioVersion = 17.14.36429.23
MinimumVisualStudioVersion = 10.0.40219.1
Project("{2150E333-8FDC-42A3-9474-1A3956D46DE8}") = "Task0", "Task0", "{02EA681E-C7D8-13C7-8484-4AC65E1B71E8}"
EndProject
Project("{FAE04EC0-301F-11D3-BF4B-00C04F79EFBC}") = "Tyuiu.AkopovaLV.Sprint0.Task0.V0", "Tyuiu.AkopovaLV.Sprint0.Task0.V0\Tyuiu.AkopovaLV.Sprint0.Task0.V0.csproj", "{C7BAE149-F328-41E4-BD56-CEE69420DA11}"
EndProject
Project("{2150E333-8FDC-42A3-9474-1A3956D46DE8}") = "Task1", "Task1", "{A398D255-F3C7-4435-9749-8668FABC98E8}"
EndProject
Project("{FAE04EC0-301F-11D3-BF4B-00C04F79EFBC}") = "Tyuiu.AkopovaLV.Sprint0.Task1.V0", "Tyuiu.AkopovaLV.Sprint0.Task1.V0\Tyuiu.AkopovaLV.Sprint0.Task1.V0.csproj", "{88782A16-BE44-4904-BE53-43E386A5FBDA}"
EndProject
Project("{2150E333-8FDC-42A3-9474-1A3956D46DE8}") = "Task2", "Task2", "{1443DEE3-D1AD-4197-ABB4-974C6AF8E0A0}"
EndProject
Project("{FAE04EC0-301F-11D3-BF4B-00C04F79EFBC}") = "Tyuiu.AkopovaLV.Sprint0.Task2.V0", "Tyuiu.AkopovaLV.Sprint0.Task2.V0\Tyuiu.AkopovaLV.Sprint0.Task2.V0.csproj", "{A836846E-6480-4FA0-8F6C-F0C7F8609AA5}"
EndProject
Project("{FAE04EC0-301F-11D3-BF4B-00C04F79EFBC}") = "Tyuiu.AkopovaLV.Sprint0.Task2.V0.Lib", "Tyuiu.AkopovaLV.Sprint0.Task2.V0.Lib\Tyuiu.AkopovaLV.Sprint0.Task2.V0.Lib.csproj", "{1B720490-A028-4616-AA0C-121C1CBFCC56}"
EndProject
Project("{FAE04EC0-301F-11D3-BF4B-00C04F79EFBC}") = "Tyuiu.AkopovaLV.Sprint0.Task2.V0.Test", "Tyuiu.AkopovaLV.Sprint0.Task2.V0.Test\Tyuiu.AkopovaLV.Sprint0.Task2.V0.Test.csproj", "{6F1E951D-8B6C-4C4F-8C41-961F15201C94}"
EndProject
Global
	GlobalSection(SolutionConfigurationPlatforms) = preSolution
		Debug|Any CPU = Debug|Any CPU
		Release|Any CPU = Release|Any CPU
	EndGlobalSection
	GlobalSection(ProjectConfigurationPlatforms) = postSolution
		{C7BAE149-F328-41E4-BD56-CEE69420DA11}.Debug|Any CPU.ActiveCfg = Debug|Any CPU
		{C7BAE149-F328-41E4-BD56-CEE69420DA11}.Debug|Any CPU.Build.0 = Debug|Any CPU
		{C7BAE149-F328-41E4-BD56-CEE69420DA11}.Release|Any CPU.ActiveCfg = Release|Any CPU
		{C7BAE149-F328-41E4-BD56-CEE69420DA11}.Release|Any CPU.Build.0 = Release|Any CPU
		{88782A16-BE44-4904-BE53-43E386A5FBDA}.Debug|Any CPU.ActiveCfg = Debug|Any CPU
		{88782A16-BE44-4904-BE53-43E386A5FBDA}.Debug|Any CPU.Build.0 = Debug|Any CPU
		{88782A16-BE44-4904-BE53-43E386A5FBDA}.Release|Any CPU.ActiveCfg = Release|Any CPU
		{88782A16-BE44-4904-BE53-43E386A5FBDA}.Release|Any CPU.Build.0 = Release|Any CPU
		{A836846E-6480-4FA0-8F6C-F0C7F8609AA5}.Debug|Any CPU.ActiveCfg = Debug|Any CPU
		{A836846E-6480-4FA0-8F6C-F0C7F8609AA5}.Debug|Any CPU.Build.0 = Debug|Any CPU
		{A836846E-6480-4FA0-8F6C-F0C7F8609AA5}.Release|Any CPU.ActiveCfg = Release|Any CPU
		{A836846E-6480-4FA0-8F6C-F0C7F8609AA5}.Release|Any CPU.Build.0 = Release|Any CPU
		{1B720490-A028-4616-AA0C-121C1CBFCC56}.Debug|Any CPU.ActiveCfg = Debug|Any CPU
		{1B720490-A028-4616-AA0C-121C1CBFCC56}.Debug|Any CPU.Build.0 = Debug|Any CPU
		{1B720490-A028-4616-AA0C-121C1CBFCC56}.Release|Any CPU.ActiveCfg = Release|Any CPU
		{1B720490-A028-4616-AA0C-121C1CBFCC56}.Release|Any CPU.Build.0 = Release|Any CPU
		{6F1E951D-8B6C-4C4F-8C41-961F15201C94}.Debug|Any CPU.ActiveCfg = Debug|Any CPU
		{6F1E951D-8B6C-4C4F-8C41-961F15201C94}.Debug|Any CPU.Build.0 = Debug|Any CPU
		{6F1E951D-8B6C-4C4F-8C41-961F15201C94}.Release|Any CPU.ActiveCfg = Release|Any CPU
		{6F1E951D-8B6C-4C4F-8C41-961F15201C94}.Release|Any CPU.Build.0 = Release|Any CPU
	EndGlobalSection
	GlobalSection(SolutionProperties) = preSolution
		HideSolutionNode = FALSE
	EndGlobalSection
	GlobalSection(NestedProjects) = preSolution
		{C7BAE149-F328-41E4-BD56-CEE69420DA11} = {02EA681E-C7D8-13C7-8484-4AC65E1B71E8}
		{88782A16-BE44-4904-BE53-43E386A5FBDA} = {A398D255-F3C7-4435-9749-8668FABC98E8}
		{A836846E-6480-4FA0-8F6C-F0C7F8609AA5} = {1443DEE3-D1AD-4197-ABB4-974C6AF8E0A0}
		{1B720490-A028-4616-AA0C-121C1CBFCC56} = {1443DEE3-D1AD-4197-ABB4-974C6AF8E0A0}
		{6F1E951D-8B6C-4C4F-8C41-961F15201C94} = {1443DEE3-D1AD-4197-ABB4-974C6AF8E0A0}
	EndGlobalSection
	GlobalSection(ExtensibilityGlobals) = postSolution
		SolutionGuid = {529A3E09-944A-43B2-A2D5-5BFCB7382359}
	EndGlobalSection
EndGlobal
